
Microsoft Visual Studio Solution File, Format Version 12.00
# Visual Studio 14
VisualStudioVersion = 14.0.25420.1
MinimumVisualStudioVersion = 10.0.40219.1
Project("{FAE04EC0-301F-11D3-BF4B-00C04F79EFBC}") = "CSProjectForPracticeUnitTest", "CSProjectForPracticeUnitTest\CSProjectForPracticeUnitTest.csproj", "{406EFB54-4C03-4695-864A-51ADDB1D183A}"
EndProject
Project("{FAE04EC0-301F-11D3-BF4B-00C04F79EFBC}") = "CSProjectForPracticeUnitTestTests", "CSProjectForPracticeUnitTestTests\CSProjectForPracticeUnitTestTests.csproj", "{B64982EE-BA5E-4873-9A1B-1378CD571FB7}"
EndProject
Global
	GlobalSection(SolutionConfigurationPlatforms) = preSolution
		Debug|Any CPU = Debug|Any CPU
		Release|Any CPU = Release|Any CPU
	EndGlobalSection
	GlobalSection(ProjectConfigurationPlatforms) = postSolution
		{406EFB54-4C03-4695-864A-51ADDB1D183A}.Debug|Any CPU.ActiveCfg = Debug|Any CPU
		{406EFB54-4C03-4695-864A-51ADDB1D183A}.Debug|Any CPU.Build.0 = Debug|Any CPU
		{406EFB54-4C03-4695-864A-51ADDB1D183A}.Release|Any CPU.ActiveCfg = Release|Any CPU
		{406EFB54-4C03-4695-864A-51ADDB1D183A}.Release|Any CPU.Build.0 = Release|Any CPU
		{B64982EE-BA5E-4873-9A1B-1378CD571FB7}.Debug|Any CPU.ActiveCfg = Debug|Any CPU
		{B64982EE-BA5E-4873-9A1B-1378CD571FB7}.Debug|Any CPU.Build.0 = Debug|Any CPU
		{B64982EE-BA5E-4873-9A1B-1378CD571FB7}.Release|Any CPU.ActiveCfg = Release|Any CPU
		{B64982EE-BA5E-4873-9A1B-1378CD571FB7}.Release|Any CPU.Build.0 = Release|Any CPU
	EndGlobalSection
	GlobalSection(SolutionProperties) = preSolution
		HideSolutionNode = FALSE
	EndGlobalSection
EndGlobal
